
Microsoft Visual Studio Solution File, Format Version 12.00
Project("{2150E333-8FDC-42A3-9474-1A3956D46DE8}") = "ex01", "ex01", "{8135A364-58CF-42DA-9428-F60E08B1BE6A}"
EndProject
Project("{FAE04EC0-301F-11D3-BF4B-00C04F79EFBC}") = "MainApp", "ex01\MainApp\MainApp.csproj", "{61AF5003-9C74-41E5-8457-2F879C77E32B}"
EndProject
Project("{FAE04EC0-301F-11D3-BF4B-00C04F79EFBC}") = "Business", "ex01\Business\Business.csproj", "{746D52A4-EC61-46EA-8BBD-61CD38333398}"
EndProject
Project("{FAE04EC0-301F-11D3-BF4B-00C04F79EFBC}") = "MainApp_Tests", "ex01\MainApp_Tests\MainApp_Tests.csproj", "{10E26DBE-68F6-4B47-BC6E-47BBFC10294C}"
EndProject
Global
	GlobalSection(SolutionConfigurationPlatforms) = preSolution
		Debug|Any CPU = Debug|Any CPU
		Release|Any CPU = Release|Any CPU
	EndGlobalSection
	GlobalSection(NestedProjects) = preSolution
		{61AF5003-9C74-41E5-8457-2F879C77E32B} = {8135A364-58CF-42DA-9428-F60E08B1BE6A}
		{746D52A4-EC61-46EA-8BBD-61CD38333398} = {8135A364-58CF-42DA-9428-F60E08B1BE6A}
		{10E26DBE-68F6-4B47-BC6E-47BBFC10294C} = {8135A364-58CF-42DA-9428-F60E08B1BE6A}
	EndGlobalSection
	GlobalSection(ProjectConfigurationPlatforms) = postSolution
		{61AF5003-9C74-41E5-8457-2F879C77E32B}.Debug|Any CPU.ActiveCfg = Debug|Any CPU
		{61AF5003-9C74-41E5-8457-2F879C77E32B}.Debug|Any CPU.Build.0 = Debug|Any CPU
		{61AF5003-9C74-41E5-8457-2F879C77E32B}.Release|Any CPU.ActiveCfg = Release|Any CPU
		{61AF5003-9C74-41E5-8457-2F879C77E32B}.Release|Any CPU.Build.0 = Release|Any CPU
		{746D52A4-EC61-46EA-8BBD-61CD38333398}.Debug|Any CPU.ActiveCfg = Debug|Any CPU
		{746D52A4-EC61-46EA-8BBD-61CD38333398}.Debug|Any CPU.Build.0 = Debug|Any CPU
		{746D52A4-EC61-46EA-8BBD-61CD38333398}.Release|Any CPU.ActiveCfg = Release|Any CPU
		{746D52A4-EC61-46EA-8BBD-61CD38333398}.Release|Any CPU.Build.0 = Release|Any CPU
		{10E26DBE-68F6-4B47-BC6E-47BBFC10294C}.Debug|Any CPU.ActiveCfg = Debug|Any CPU
		{10E26DBE-68F6-4B47-BC6E-47BBFC10294C}.Debug|Any CPU.Build.0 = Debug|Any CPU
		{10E26DBE-68F6-4B47-BC6E-47BBFC10294C}.Release|Any CPU.ActiveCfg = Release|Any CPU
		{10E26DBE-68F6-4B47-BC6E-47BBFC10294C}.Release|Any CPU.Build.0 = Release|Any CPU
	EndGlobalSection
EndGlobal
